
Microsoft Visual Studio Solution File, Format Version 12.00
# Visual Studio 15
VisualStudioVersion = 15.0.26124.0
MinimumVisualStudioVersion = 15.0.26124.0
Project("{2150E333-8FDC-42A3-9474-1A3956D46DE8}") = "src", "src", "{5A602565-0C2C-430B-AB0D-060C6DB2B796}"
EndProject
Project("{FAE04EC0-301F-11D3-BF4B-00C04F79EFBC}") = "Owlery", "src\Owlery\Owlery.csproj", "{913D0D29-3602-4E3F-9E08-980BCBE1A42F}"
EndProject
Project("{2150E333-8FDC-42A3-9474-1A3956D46DE8}") = "test", "test", "{9B463092-85A4-42DC-BB33-E50F7F18F866}"
EndProject
Project("{FAE04EC0-301F-11D3-BF4B-00C04F79EFBC}") = "Owlery.Tests", "test\Owlery.Tests\Owlery.Tests.csproj", "{6AB8B416-C332-4EE2-8C5B-97F79E2CBCE3}"
EndProject
Project("{FAE04EC0-301F-11D3-BF4B-00C04F79EFBC}") = "Owlery.Example", "src\Owlery.Example\Owlery.Example.csproj", "{CEC982A9-F5E6-45F6-93EC-DB2D97C5BB44}"
EndProject
Global
	GlobalSection(SolutionConfigurationPlatforms) = preSolution
		Debug|Any CPU = Debug|Any CPU
		Debug|x64 = Debug|x64
		Debug|x86 = Debug|x86
		Release|Any CPU = Release|Any CPU
		Release|x64 = Release|x64
		Release|x86 = Release|x86
	EndGlobalSection
	GlobalSection(SolutionProperties) = preSolution
		HideSolutionNode = FALSE
	EndGlobalSection
	GlobalSection(ProjectConfigurationPlatforms) = postSolution
		{913D0D29-3602-4E3F-9E08-980BCBE1A42F}.Debug|Any CPU.ActiveCfg = Debug|Any CPU
		{913D0D29-3602-4E3F-9E08-980BCBE1A42F}.Debug|Any CPU.Build.0 = Debug|Any CPU
		{913D0D29-3602-4E3F-9E08-980BCBE1A42F}.Debug|x64.ActiveCfg = Debug|Any CPU
		{913D0D29-3602-4E3F-9E08-980BCBE1A42F}.Debug|x64.Build.0 = Debug|Any CPU
		{913D0D29-3602-4E3F-9E08-980BCBE1A42F}.Debug|x86.ActiveCfg = Debug|Any CPU
		{913D0D29-3602-4E3F-9E08-980BCBE1A42F}.Debug|x86.Build.0 = Debug|Any CPU
		{913D0D29-3602-4E3F-9E08-980BCBE1A42F}.Release|Any CPU.ActiveCfg = Release|Any CPU
		{913D0D29-3602-4E3F-9E08-980BCBE1A42F}.Release|Any CPU.Build.0 = Release|Any CPU
		{913D0D29-3602-4E3F-9E08-980BCBE1A42F}.Release|x64.ActiveCfg = Release|Any CPU
		{913D0D29-3602-4E3F-9E08-980BCBE1A42F}.Release|x64.Build.0 = Release|Any CPU
		{913D0D29-3602-4E3F-9E08-980BCBE1A42F}.Release|x86.ActiveCfg = Release|Any CPU
		{913D0D29-3602-4E3F-9E08-980BCBE1A42F}.Release|x86.Build.0 = Release|Any CPU
		{6AB8B416-C332-4EE2-8C5B-97F79E2CBCE3}.Debug|Any CPU.ActiveCfg = Debug|Any CPU
		{6AB8B416-C332-4EE2-8C5B-97F79E2CBCE3}.Debug|Any CPU.Build.0 = Debug|Any CPU
		{6AB8B416-C332-4EE2-8C5B-97F79E2CBCE3}.Debug|x64.ActiveCfg = Debug|Any CPU
		{6AB8B416-C332-4EE2-8C5B-97F79E2CBCE3}.Debug|x64.Build.0 = Debug|Any CPU
		{6AB8B416-C332-4EE2-8C5B-97F79E2CBCE3}.Debug|x86.ActiveCfg = Debug|Any CPU
		{6AB8B416-C332-4EE2-8C5B-97F79E2CBCE3}.Debug|x86.Build.0 = Debug|Any CPU
		{6AB8B416-C332-4EE2-8C5B-97F79E2CBCE3}.Release|Any CPU.ActiveCfg = Release|Any CPU
		{6AB8B416-C332-4EE2-8C5B-97F79E2CBCE3}.Release|Any CPU.Build.0 = Release|Any CPU
		{6AB8B416-C332-4EE2-8C5B-97F79E2CBCE3}.Release|x64.ActiveCfg = Release|Any CPU
		{6AB8B416-C332-4EE2-8C5B-97F79E2CBCE3}.Release|x64.Build.0 = Release|Any CPU
		{6AB8B416-C332-4EE2-8C5B-97F79E2CBCE3}.Release|x86.ActiveCfg = Release|Any CPU
		{6AB8B416-C332-4EE2-8C5B-97F79E2CBCE3}.Release|x86.Build.0 = Release|Any CPU
		{CEC982A9-F5E6-45F6-93EC-DB2D97C5BB44}.Debug|Any CPU.ActiveCfg = Debug|Any CPU
		{CEC982A9-F5E6-45F6-93EC-DB2D97C5BB44}.Debug|Any CPU.Build.0 = Debug|Any CPU
		{CEC982A9-F5E6-45F6-93EC-DB2D97C5BB44}.Debug|x64.ActiveCfg = Debug|Any CPU
		{CEC982A9-F5E6-45F6-93EC-DB2D97C5BB44}.Debug|x64.Build.0 = Debug|Any CPU
		{CEC982A9-F5E6-45F6-93EC-DB2D97C5BB44}.Debug|x86.ActiveCfg = Debug|Any CPU
		{CEC982A9-F5E6-45F6-93EC-DB2D97C5BB44}.Debug|x86.Build.0 = Debug|Any CPU
		{CEC982A9-F5E6-45F6-93EC-DB2D97C5BB44}.Release|Any CPU.ActiveCfg = Release|Any CPU
		{CEC982A9-F5E6-45F6-93EC-DB2D97C5BB44}.Release|Any CPU.Build.0 = Release|Any CPU
		{CEC982A9-F5E6-45F6-93EC-DB2D97C5BB44}.Release|x64.ActiveCfg = Release|Any CPU
		{CEC982A9-F5E6-45F6-93EC-DB2D97C5BB44}.Release|x64.Build.0 = Release|Any CPU
		{CEC982A9-F5E6-45F6-93EC-DB2D97C5BB44}.Release|x86.ActiveCfg = Release|Any CPU
		{CEC982A9-F5E6-45F6-93EC-DB2D97C5BB44}.Release|x86.Build.0 = Release|Any CPU
	EndGlobalSection
	GlobalSection(NestedProjects) = preSolution
		{913D0D29-3602-4E3F-9E08-980BCBE1A42F} = {5A602565-0C2C-430B-AB0D-060C6DB2B796}
		{6AB8B416-C332-4EE2-8C5B-97F79E2CBCE3} = {9B463092-85A4-42DC-BB33-E50F7F18F866}
		{CEC982A9-F5E6-45F6-93EC-DB2D97C5BB44} = {5A602565-0C2C-430B-AB0D-060C6DB2B796}
	EndGlobalSection
EndGlobal
